// !$*UTF8*$!
{
	archiveVersion = 1;
	classes = {
	};
	objectVersion = 46;
	objects = {

/* Begin PBXBuildFile section */
		484C09C61F2384AD0054804F /* AppDelegate.swift in Sources */ = {isa = PBXBuildFile; fileRef = 484C09C51F2384AD0054804F /* AppDelegate.swift */; };
		484C09C81F2384AD0054804F /* ViewController.swift in Sources */ = {isa = PBXBuildFile; fileRef = 484C09C71F2384AD0054804F /* ViewController.swift */; };
		484C09CB1F2384AD0054804F /* Main.storyboard in Resources */ = {isa = PBXBuildFile; fileRef = 484C09C91F2384AD0054804F /* Main.storyboard */; };
		484C09CD1F2384AD0054804F /* Assets.xcassets in Resources */ = {isa = PBXBuildFile; fileRef = 484C09CC1F2384AD0054804F /* Assets.xcassets */; };
		484C09D01F2384AD0054804F /* LaunchScreen.storyboard in Resources */ = {isa = PBXBuildFile; fileRef = 484C09CE1F2384AD0054804F /* LaunchScreen.storyboard */; };
		484C09E41F23870C0054804F /* ApiHandler.swift in Sources */ = {isa = PBXBuildFile; fileRef = 484C09E31F23870C0054804F /* ApiHandler.swift */; };
		484C09E61F23878F0054804F /* HttpHandler.swift in Sources */ = {isa = PBXBuildFile; fileRef = 484C09E51F23878F0054804F /* HttpHandler.swift */; };
		484C09EA1F238A540054804F /* ForecastTableView.swift in Sources */ = {isa = PBXBuildFile; fileRef = 484C09E91F238A540054804F /* ForecastTableView.swift */; };
		484C09EF1F238B520054804F /* DayTableViewCell.swift in Sources */ = {isa = PBXBuildFile; fileRef = 484C09ED1F238B520054804F /* DayTableViewCell.swift */; };
		484C09F31F238C250054804F /* WeatherSampleCollectionViewCell.swift in Sources */ = {isa = PBXBuildFile; fileRef = 484C09F11F238C250054804F /* WeatherSampleCollectionViewCell.swift */; };
		484C09F71F238FB00054804F /* WeatherData.swift in Sources */ = {isa = PBXBuildFile; fileRef = 484C09F61F238FB00054804F /* WeatherData.swift */; };
		484C09F91F23945A0054804F /* State.swift in Sources */ = {isa = PBXBuildFile; fileRef = 484C09F81F23945A0054804F /* State.swift */; };
		484C09FD1F239A400054804F /* WeatherSampleCollectionViewCell.xib in Resources */ = {isa = PBXBuildFile; fileRef = 484C09FC1F239A400054804F /* WeatherSampleCollectionViewCell.xib */; };
		484C09FE1F23A8BF0054804F /* DayTableViewCell.xib in Resources */ = {isa = PBXBuildFile; fileRef = 484C09FA1F239A280054804F /* DayTableViewCell.xib */; };
		484C09FF1F23A8C80054804F /* ForecastTableView.xib in Resources */ = {isa = PBXBuildFile; fileRef = 484C09EB1F238A700054804F /* ForecastTableView.xib */; };
		B6032E9BCAA822C68B66B490 /* Pods_WiproForecast.framework in Frameworks */ = {isa = PBXBuildFile; fileRef = 9E0E28BC3F611E2CB42CA4E7 /* Pods_WiproForecast.framework */; };
/* End PBXBuildFile section */

/* Begin PBXFileReference section */
		2924A891D759BEC484AB0D2E /* Pods-WiproForecast.debug.xcconfig */ = {isa = PBXFileReference; includeInIndex = 1; lastKnownFileType = text.xcconfig; name = "Pods-WiproForecast.debug.xcconfig"; path = "Pods/Target Support Files/Pods-WiproForecast/Pods-WiproForecast.debug.xcconfig"; sourceTree = "<group>"; };
		484C09C21F2384AD0054804F /* WiproForecast.app */ = {isa = PBXFileReference; explicitFileType = wrapper.application; includeInIndex = 0; path = WiproForecast.app; sourceTree = BUILT_PRODUCTS_DIR; };
		484C09C51F2384AD0054804F /* AppDelegate.swift */ = {isa = PBXFileReference; lastKnownFileType = sourcecode.swift; path = AppDelegate.swift; sourceTree = "<group>"; };
		484C09C71F2384AD0054804F /* ViewController.swift */ = {isa = PBXFileReference; lastKnownFileType = sourcecode.swift; path = ViewController.swift; sourceTree = "<group>"; };
		484C09CA1F2384AD0054804F /* Base */ = {isa = PBXFileReference; lastKnownFileType = file.storyboard; name = Base; path = Base.lproj/Main.storyboard; sourceTree = "<group>"; };
		484C09CC1F2384AD0054804F /* Assets.xcassets */ = {isa = PBXFileReference; lastKnownFileType = folder.assetcatalog; path = Assets.xcassets; sourceTree = "<group>"; };
		484C09CF1F2384AD0054804F /* Base */ = {isa = PBXFileReference; lastKnownFileType = file.storyboard; name = Base; path = Base.lproj/LaunchScreen.storyboard; sourceTree = "<group>"; };
		484C09D11F2384AD0054804F /* Info.plist */ = {isa = PBXFileReference; lastKnownFileType = text.plist.xml; path = Info.plist; sourceTree = "<group>"; };
		484C09E31F23870C0054804F /* ApiHandler.swift */ = {isa = PBXFileReference; fileEncoding = 4; lastKnownFileType = sourcecode.swift; name = ApiHandler.swift; path = Handlers/ApiHandler.swift; sourceTree = "<group>"; };
		484C09E51F23878F0054804F /* HttpHandler.swift */ = {isa = PBXFileReference; fileEncoding = 4; lastKnownFileType = sourcecode.swift; name = HttpHandler.swift; path = Handlers/HttpHandler.swift; sourceTree = "<group>"; };
		484C09E91F238A540054804F /* ForecastTableView.swift */ = {isa = PBXFileReference; fileEncoding = 4; lastKnownFileType = sourcecode.swift; name = ForecastTableView.swift; path = Views/ForecastTableView.swift; sourceTree = "<group>"; };
		484C09EB1F238A700054804F /* ForecastTableView.xib */ = {isa = PBXFileReference; fileEncoding = 4; lastKnownFileType = file.xib; name = ForecastTableView.xib; path = Views/ForecastTableView.xib; sourceTree = "<group>"; };
		484C09ED1F238B520054804F /* DayTableViewCell.swift */ = {isa = PBXFileReference; fileEncoding = 4; lastKnownFileType = sourcecode.swift; name = DayTableViewCell.swift; path = Views/DayTableViewCell.swift; sourceTree = "<group>"; };
		484C09F11F238C250054804F /* WeatherSampleCollectionViewCell.swift */ = {isa = PBXFileReference; fileEncoding = 4; lastKnownFileType = sourcecode.swift; name = WeatherSampleCollectionViewCell.swift; path = Views/WeatherSampleCollectionViewCell.swift; sourceTree = "<group>"; };
		484C09F61F238FB00054804F /* WeatherData.swift */ = {isa = PBXFileReference; fileEncoding = 4; lastKnownFileType = sourcecode.swift; name = WeatherData.swift; path = Models/WeatherData.swift; sourceTree = "<group>"; };
		484C09F81F23945A0054804F /* State.swift */ = {isa = PBXFileReference; fileEncoding = 4; lastKnownFileType = sourcecode.swift; name = State.swift; path = Models/State.swift; sourceTree = "<group>"; };
		484C09FA1F239A280054804F /* DayTableViewCell.xib */ = {isa = PBXFileReference; fileEncoding = 4; lastKnownFileType = file.xib; name = DayTableViewCell.xib; path = Views/DayTableViewCell.xib; sourceTree = "<group>"; };
		484C09FC1F239A400054804F /* WeatherSampleCollectionViewCell.xib */ = {isa = PBXFileReference; fileEncoding = 4; lastKnownFileType = file.xib; name = WeatherSampleCollectionViewCell.xib; path = Views/WeatherSampleCollectionViewCell.xib; sourceTree = "<group>"; };
		9E0E28BC3F611E2CB42CA4E7 /* Pods_WiproForecast.framework */ = {isa = PBXFileReference; explicitFileType = wrapper.framework; includeInIndex = 0; path = Pods_WiproForecast.framework; sourceTree = BUILT_PRODUCTS_DIR; };
		F17300F0435A9F59559BC381 /* Pods-WiproForecast.release.xcconfig */ = {isa = PBXFileReference; includeInIndex = 1; lastKnownFileType = text.xcconfig; name = "Pods-WiproForecast.release.xcconfig"; path = "Pods/Target Support Files/Pods-WiproForecast/Pods-WiproForecast.release.xcconfig"; sourceTree = "<group>"; };
/* End PBXFileReference section */

/* Begin PBXFrameworksBuildPhase section */
		484C09BF1F2384AD0054804F /* Frameworks */ = {
			isa = PBXFrameworksBuildPhase;
			buildActionMask = 2147483647;
			files = (
				B6032E9BCAA822C68B66B490 /* Pods_WiproForecast.framework in Frameworks */,
			);
			runOnlyForDeploymentPostprocessing = 0;
		};
/* End PBXFrameworksBuildPhase section */

/* Begin PBXGroup section */
		24E7573A9951840E6A075C62 /* Pods */ = {
			isa = PBXGroup;
			children = (
				2924A891D759BEC484AB0D2E /* Pods-WiproForecast.debug.xcconfig */,
				F17300F0435A9F59559BC381 /* Pods-WiproForecast.release.xcconfig */,
			);
			name = Pods;
			sourceTree = "<group>";
		};
		484C09B91F2384AD0054804F = {
			isa = PBXGroup;
			children = (
				484C09F51F238F880054804F /* Models */,
				484C09E81F238A230054804F /* Views */,
				484C09DC1F2386400054804F /* Handlers */,
				484C09D71F2384F80054804F /* ViewControllers */,
				484C09C41F2384AD0054804F /* WiproForecast */,
				484C09C31F2384AD0054804F /* Products */,
				24E7573A9951840E6A075C62 /* Pods */,
				BF43678B3838448DA06640DC /* Frameworks */,
			);
			sourceTree = "<group>";
		};
		484C09C31F2384AD0054804F /* Products */ = {
			isa = PBXGroup;
			children = (
				484C09C21F2384AD0054804F /* WiproForecast.app */,
			);
			name = Products;
			sourceTree = "<group>";
		};
		484C09C41F2384AD0054804F /* WiproForecast */ = {
			isa = PBXGroup;
			children = (
				484C09C51F2384AD0054804F /* AppDelegate.swift */,
				484C09C71F2384AD0054804F /* ViewController.swift */,
				484C09C91F2384AD0054804F /* Main.storyboard */,
				484C09CC1F2384AD0054804F /* Assets.xcassets */,
				484C09CE1F2384AD0054804F /* LaunchScreen.storyboard */,
				484C09D11F2384AD0054804F /* Info.plist */,
			);
			path = WiproForecast;
			sourceTree = "<group>";
		};
		484C09D71F2384F80054804F /* ViewControllers */ = {
			isa = PBXGroup;
			children = (
			);
			name = ViewControllers;
			sourceTree = "<group>";
		};
		484C09DC1F2386400054804F /* Handlers */ = {
			isa = PBXGroup;
			children = (
				484C09E31F23870C0054804F /* ApiHandler.swift */,
				484C09E51F23878F0054804F /* HttpHandler.swift */,
			);
			name = Handlers;
			sourceTree = "<group>";
		};
		484C09E81F238A230054804F /* Views */ = {
			isa = PBXGroup;
			children = (
				484C09E91F238A540054804F /* ForecastTableView.swift */,
				484C09EB1F238A700054804F /* ForecastTableView.xib */,
				484C09ED1F238B520054804F /* DayTableViewCell.swift */,
				484C09FA1F239A280054804F /* DayTableViewCell.xib */,
				484C09F11F238C250054804F /* WeatherSampleCollectionViewCell.swift */,
				484C09FC1F239A400054804F /* WeatherSampleCollectionViewCell.xib */,
			);
			name = Views;
			sourceTree = "<group>";
		};
		484C09F51F238F880054804F /* Models */ = {
			isa = PBXGroup;
			children = (
				484C09F61F238FB00054804F /* WeatherData.swift */,
				484C09F81F23945A0054804F /* State.swift */,
			);
			name = Models;
			sourceTree = "<group>";
		};
		BF43678B3838448DA06640DC /* Frameworks */ = {
			isa = PBXGroup;
			children = (
				9E0E28BC3F611E2CB42CA4E7 /* Pods_WiproForecast.framework */,
			);
			name = Frameworks;
			sourceTree = "<group>";
		};
/* End PBXGroup section */

/* Begin PBXNativeTarget section */
		484C09C11F2384AD0054804F /* WiproForecast */ = {
			isa = PBXNativeTarget;
			buildConfigurationList = 484C09D41F2384AD0054804F /* Build configuration list for PBXNativeTarget "WiproForecast" */;
			buildPhases = (
				737735952063DE700F59C7A7 /* [CP] Check Pods Manifest.lock */,
				484C09BE1F2384AD0054804F /* Sources */,
				484C09BF1F2384AD0054804F /* Frameworks */,
				484C09C01F2384AD0054804F /* Resources */,
				9A89F887FB2BBBEAC30B474A /* [CP] Embed Pods Frameworks */,
				B24B428BF0DE661DCC46028B /* [CP] Copy Pods Resources */,
			);
			buildRules = (
			);
			dependencies = (
			);
			name = WiproForecast;
			productName = WiproForecast;
			productReference = 484C09C21F2384AD0054804F /* WiproForecast.app */;
			productType = "com.apple.product-type.application";
		};
/* End PBXNativeTarget section */

/* Begin PBXProject section */
		484C09BA1F2384AD0054804F /* Project object */ = {
			isa = PBXProject;
			attributes = {
				LastSwiftUpdateCheck = 0830;
				LastUpgradeCheck = 0830;
				ORGANIZATIONNAME = "Gabriel Panagiotidis";
				TargetAttributes = {
					484C09C11F2384AD0054804F = {
						CreatedOnToolsVersion = 8.3.2;
						ProvisioningStyle = Automatic;
					};
				};
			};
			buildConfigurationList = 484C09BD1F2384AD0054804F /* Build configuration list for PBXProject "WiproForecast" */;
			compatibilityVersion = "Xcode 3.2";
			developmentRegion = English;
			hasScannedForEncodings = 0;
			knownRegions = (
				en,
				Base,
			);
			mainGroup = 484C09B91F2384AD0054804F;
			productRefGroup = 484C09C31F2384AD0054804F /* Products */;
			projectDirPath = "";
			projectRoot = "";
			targets = (
				484C09C11F2384AD0054804F /* WiproForecast */,
			);
		};
/* End PBXProject section */

/* Begin PBXResourcesBuildPhase section */
		484C09C01F2384AD0054804F /* Resources */ = {
			isa = PBXResourcesBuildPhase;
			buildActionMask = 2147483647;
			files = (
				484C09FF1F23A8C80054804F /* ForecastTableView.xib in Resources */,
				484C09FE1F23A8BF0054804F /* DayTableViewCell.xib in Resources */,
				484C09D01F2384AD0054804F /* LaunchScreen.storyboard in Resources */,
				484C09CD1F2384AD0054804F /* Assets.xcassets in Resources */,
				484C09CB1F2384AD0054804F /* Main.storyboard in Resources */,
				484C09FD1F239A400054804F /* WeatherSampleCollectionViewCell.xib in Resources */,
			);
			runOnlyForDeploymentPostprocessing = 0;
		};
/* End PBXResourcesBuildPhase section */

/* Begin PBXShellScriptBuildPhase section */
		737735952063DE700F59C7A7 /* [CP] Check Pods Manifest.lock */ = {
			isa = PBXShellScriptBuildPhase;
			buildActionMask = 2147483647;
			files = (
			);
			inputPaths = (
			);
			name = "[CP] Check Pods Manifest.lock";
			outputPaths = (
			);
			runOnlyForDeploymentPostprocessing = 0;
			shellPath = /bin/sh;
			shellScript = "diff \"${PODS_PODFILE_DIR_PATH}/Podfile.lock\" \"${PODS_ROOT}/Manifest.lock\" > /dev/null\nif [ $? != 0 ] ; then\n    # print error to STDERR\n    echo \"error: The sandbox is not in sync with the Podfile.lock. Run 'pod install' or update your CocoaPods installation.\" >&2\n    exit 1\nfi\n";
			showEnvVarsInLog = 0;
		};
		9A89F887FB2BBBEAC30B474A /* [CP] Embed Pods Frameworks */ = {
			isa = PBXShellScriptBuildPhase;
			buildActionMask = 2147483647;
			files = (
			);
			inputPaths = (
			);
			name = "[CP] Embed Pods Frameworks";
			outputPaths = (
			);
			runOnlyForDeploymentPostprocessing = 0;
			shellPath = /bin/sh;
			shellScript = "\"${SRCROOT}/Pods/Target Support Files/Pods-WiproForecast/Pods-WiproForecast-frameworks.sh\"\n";
			showEnvVarsInLog = 0;
		};
		B24B428BF0DE661DCC46028B /* [CP] Copy Pods Resources */ = {
			isa = PBXShellScriptBuildPhase;
			buildActionMask = 2147483647;
			files = (
			);
			inputPaths = (
			);
			name = "[CP] Copy Pods Resources";
			outputPaths = (
			);
			runOnlyForDeploymentPostprocessing = 0;
			shellPath = /bin/sh;
			shellScript = "\"${SRCROOT}/Pods/Target Support Files/Pods-WiproForecast/Pods-WiproForecast-resources.sh\"\n";
			showEnvVarsInLog = 0;
		};
/* End PBXShellScriptBuildPhase section */

/* Begin PBXSourcesBuildPhase section */
		484C09BE1F2384AD0054804F /* Sources */ = {
			isa = PBXSourcesBuildPhase;
			buildActionMask = 2147483647;
			files = (
				484C09E61F23878F0054804F /* HttpHandler.swift in Sources */,
				484C09EA1F238A540054804F /* ForecastTableView.swift in Sources */,
				484C09E41F23870C0054804F /* ApiHandler.swift in Sources */,
				484C09F31F238C250054804F /* WeatherSampleCollectionViewCell.swift in Sources */,
				484C09C81F2384AD0054804F /* ViewController.swift in Sources */,
				484C09F91F23945A0054804F /* State.swift in Sources */,
				484C09EF1F238B520054804F /* DayTableViewCell.swift in Sources */,
				484C09F71F238FB00054804F /* WeatherData.swift in Sources */,
				484C09C61F2384AD0054804F /* AppDelegate.swift in Sources */,
			);
			runOnlyForDeploymentPostprocessing = 0;
		};
/* End PBXSourcesBuildPhase section */

/* Begin PBXVariantGroup section */
		484C09C91F2384AD0054804F /* Main.storyboard */ = {
			isa = PBXVariantGroup;
			children = (
				484C09CA1F2384AD0054804F /* Base */,
			);
			name = Main.storyboard;
			sourceTree = "<group>";
		};
		484C09CE1F2384AD0054804F /* LaunchScreen.storyboard */ = {
			isa = PBXVariantGroup;
			children = (
				484C09CF1F2384AD0054804F /* Base */,
			);
			name = LaunchScreen.storyboard;
			sourceTree = "<group>";
		};
/* End PBXVariantGroup section */

/* Begin XCBuildConfiguration section */
		484C09D21F2384AD0054804F /* Debug */ = {
			isa = XCBuildConfiguration;
			buildSettings = {
				ALWAYS_SEARCH_USER_PATHS = NO;
				CLANG_ANALYZER_NONNULL = YES;
				CLANG_ANALYZER_NUMBER_OBJECT_CONVERSION = YES_AGGRESSIVE;
				CLANG_CXX_LANGUAGE_STANDARD = "gnu++0x";
				CLANG_CXX_LIBRARY = "libc++";
				CLANG_ENABLE_MODULES = YES;
				CLANG_ENABLE_OBJC_ARC = YES;
				CLANG_WARN_BOOL_CONVERSION = YES;
				CLANG_WARN_CONSTANT_CONVERSION = YES;
				CLANG_WARN_DIRECT_OBJC_ISA_USAGE = YES_ERROR;
				CLANG_WARN_DOCUMENTATION_COMMENTS = YES;
				CLANG_WARN_EMPTY_BODY = YES;
				CLANG_WARN_ENUM_CONVERSION = YES;
				CLANG_WARN_INFINITE_RECURSION = YES;
				CLANG_WARN_INT_CONVERSION = YES;
				CLANG_WARN_OBJC_ROOT_CLASS = YES_ERROR;
				CLANG_WARN_SUSPICIOUS_MOVE = YES;
				CLANG_WARN_UNREACHABLE_CODE = YES;
				CLANG_WARN__DUPLICATE_METHOD_MATCH = YES;
				"CODE_SIGN_IDENTITY[sdk=iphoneos*]" = "iPhone Developer";
				COPY_PHASE_STRIP = NO;
				DEBUG_INFORMATION_FORMAT = dwarf;
				ENABLE_STRICT_OBJC_MSGSEND = YES;
				ENABLE_TESTABILITY = YES;
				GCC_C_LANGUAGE_STANDARD = gnu99;
				GCC_DYNAMIC_NO_PIC = NO;
				GCC_NO_COMMON_BLOCKS = YES;
				GCC_OPTIMIZATION_LEVEL = 0;
				GCC_PREPROCESSOR_DEFINITIONS = (
					"DEBUG=1",
					"$(inherited)",
				);
				GCC_WARN_64_TO_32_BIT_CONVERSION = YES;
				GCC_WARN_ABOUT_RETURN_TYPE = YES_ERROR;
				GCC_WARN_UNDECLARED_SELECTOR = YES;
				GCC_WARN_UNINITIALIZED_AUTOS = YES_AGGRESSIVE;
				GCC_WARN_UNUSED_FUNCTION = YES;
				GCC_WARN_UNUSED_VARIABLE = YES;
				IPHONEOS_DEPLOYMENT_TARGET = 10.3;
				MTL_ENABLE_DEBUG_INFO = YES;
				ONLY_ACTIVE_ARCH = YES;
				SDKROOT = iphoneos;
				SWIFT_ACTIVE_COMPILATION_CONDITIONS = DEBUG;
				SWIFT_OPTIMIZATION_LEVEL = "-Onone";
			};
			name = Debug;
		};
		484C09D31F2384AD0054804F /* Release */ = {
			isa = XCBuildConfiguration;
			buildSettings = {
				ALWAYS_SEARCH_USER_PATHS = NO;
				CLANG_ANALYZER_NONNULL = YES;
				CLANG_ANALYZER_NUMBER_OBJECT_CONVERSION = YES_AGGRESSIVE;
				CLANG_CXX_LANGUAGE_STANDARD = "gnu++0x";
				CLANG_CXX_LIBRARY = "libc++";
				CLANG_ENABLE_MODULES = YES;
				CLANG_ENABLE_OBJC_ARC = YES;
				CLANG_WARN_BOOL_CONVERSION = YES;
				CLANG_WARN_CONSTANT_CONVERSION = YES;
				CLANG_WARN_DIRECT_OBJC_ISA_USAGE = YES_ERROR;
				CLANG_WARN_DOCUMENTATION_COMMENTS = YES;
				CLANG_WARN_EMPTY_BODY = YES;
				CLANG_WARN_ENUM_CONVERSION = YES;
				CLANG_WARN_INFINITE_RECURSION = YES;
				CLANG_WARN_INT_CONVERSION = YES;
				CLANG_WARN_OBJC_ROOT_CLASS = YES_ERROR;
				CLANG_WARN_SUSPICIOUS_MOVE = YES;
				CLANG_WARN_UNREACHABLE_CODE = YES;
				CLANG_WARN__DUPLICATE_METHOD_MATCH = YES;
				"CODE_SIGN_IDENTITY[sdk=iphoneos*]" = "iPhone Developer";
				COPY_PHASE_STRIP = NO;
				DEBUG_INFORMATION_FORMAT = "dwarf-with-dsym";
				ENABLE_NS_ASSERTIONS = NO;
				ENABLE_STRICT_OBJC_MSGSEND = YES;
				GCC_C_LANGUAGE_STANDARD = gnu99;
				GCC_NO_COMMON_BLOCKS = YES;
				GCC_WARN_64_TO_32_BIT_CONVERSION = YES;
				GCC_WARN_ABOUT_RETURN_TYPE = YES_ERROR;
				GCC_WARN_UNDECLARED_SELECTOR = YES;
				GCC_WARN_UNINITIALIZED_AUTOS = YES_AGGRESSIVE;
				GCC_WARN_UNUSED_FUNCTION = YES;
				GCC_WARN_UNUSED_VARIABLE = YES;
				IPHONEOS_DEPLOYMENT_TARGET = 10.3;
				MTL_ENABLE_DEBUG_INFO = NO;
				SDKROOT = iphoneos;
				SWIFT_OPTIMIZATION_LEVEL = "-Owholemodule";
				VALIDATE_PRODUCT = YES;
			};
			name = Release;
		};
		484C09D51F2384AD0054804F /* Debug */ = {
			isa = XCBuildConfiguration;
			baseConfigurationReference = 2924A891D759BEC484AB0D2E /* Pods-WiproForecast.debug.xcconfig */;
			buildSettings = {
				ASSETCATALOG_COMPILER_APPICON_NAME = AppIcon;
				INFOPLIST_FILE = WiproForecast/Info.plist;
				LD_RUNPATH_SEARCH_PATHS = "$(inherited) @executable_path/Frameworks";
				PRODUCT_BUNDLE_IDENTIFIER = com.pangab.www.WiproForecast;
				PRODUCT_NAME = "$(TARGET_NAME)";
				SWIFT_VERSION = 3.0;
			};
			name = Debug;
		};
		484C09D61F2384AD0054804F /* Release */ = {
			isa = XCBuildConfiguration;
			baseConfigurationReference = F17300F0435A9F59559BC381 /* Pods-WiproForecast.release.xcconfig */;
			buildSettings = {
				ASSETCATALOG_COMPILER_APPICON_NAME = AppIcon;
				INFOPLIST_FILE = WiproForecast/Info.plist;
				LD_RUNPATH_SEARCH_PATHS = "$(inherited) @executable_path/Frameworks";
				PRODUCT_BUNDLE_IDENTIFIER = com.pangab.www.WiproForecast;
				PRODUCT_NAME = "$(TARGET_NAME)";
				SWIFT_VERSION = 3.0;
			};
			name = Release;
		};
/* End XCBuildConfiguration section */

/* Begin XCConfigurationList section */
		484C09BD1F2384AD0054804F /* Build configuration list for PBXProject "WiproForecast" */ = {
			isa = XCConfigurationList;
			buildConfigurations = (
				484C09D21F2384AD0054804F /* Debug */,
				484C09D31F2384AD0054804F /* Release */,
			);
			defaultConfigurationIsVisible = 0;
			defaultConfigurationName = Release;
		};
		484C09D41F2384AD0054804F /* Build configuration list for PBXNativeTarget "WiproForecast" */ = {
			isa = XCConfigurationList;
			buildConfigurations = (
				484C09D51F2384AD0054804F /* Debug */,
				484C09D61F2384AD0054804F /* Release */,
			);
			defaultConfigurationIsVisible = 0;
			defaultConfigurationName = Release;
		};
/* End XCConfigurationList section */
	};
	rootObject = 484C09BA1F2384AD0054804F /* Project object */;
}
